#MicroXplorer Configuration settings - do not modify
BSP_IP_NAME=NUCLEO-WL33CC1
CAD.formats=
CAD.pinconfig=
CAD.provider=
File.Version=6
GPIO.groupedBy=Show All
KeepUserPlacement=false
MRSUBG.FCSType=FCS_32BIT
MRSUBG.FrameLength=MSG_SIZE + FCS_SIZE
MRSUBG.IPParameters=lFrequencyBase,lDatarate,lFreqDev,lBandwidth,outputPower,PacketFormat,PreambleLength,FCSType,Whitening,FrameLength,xModulationSelect,PADrvMode
MRSUBG.PADrvMode=PA_DRV_TX_HP
MRSUBG.PacketFormat=802154Packet
MRSUBG.PreambleLength=0x08
MRSUBG.Whitening=DISABLE
MRSUBG.lBandwidth=150000
MRSUBG.lDatarate=100000
MRSUBG.lFreqDev=25000
MRSUBG.lFrequencyBase=865100000
MRSUBG.outputPower=14
MRSUBG.xModulationSelect=MOD_2GFSK05
Mcu.CPN=STM32WL33CCV6
Mcu.Family=STM32WL3
Mcu.IP0=AES
Mcu.IP1=CORTEX_M0+
Mcu.IP10=SYS
Mcu.IP11=TIM2
Mcu.IP12=USART1
Mcu.IP2=LPUART1
Mcu.IP3=MRSUBG
Mcu.IP4=NUCLEO-WL33CC1
Mcu.IP5=NUCLEO-WL33CC1
Mcu.IP6=NVIC
Mcu.IP7=PWR
Mcu.IP8=RCC
Mcu.IP9=RNG
Mcu.IPNb=14
Mcu.Name=STM32WL33CCVx
Mcu.Package=VFQFPN48
Mcu.Pin0=PB3
Mcu.Pin1=PB4
Mcu.Pin10=PA15
Mcu.Pin11=VP_AES_VS_AES
Mcu.Pin12=VP_MRSUBG_VS_RF
Mcu.Pin13=VP_PWR_VS_SECSignals
Mcu.Pin14=VP_RNG_VS_RNG
Mcu.Pin15=VP_SYS_VS_Systick
Mcu.Pin16=VP_TIM2_VS_ClockSourceINT
Mcu.Pin17=VP_NUCLEO-WL33CC1_VS_BSP_COMMON
Mcu.Pin2=PB5
Mcu.Pin3=PA5
Mcu.Pin4=PB12
Mcu.Pin5=PB13
Mcu.Pin6=OSCOUT
Mcu.Pin7=OSCIN
Mcu.Pin8=PA1
Mcu.Pin9=PA14
Mcu.PinsNb=18
Mcu.ThirdPartyNb=0
Mcu.UserConstants=MSG_SIZE,16;FCS_SIZE,4
Mcu.UserName=STM32WL33CCVx
MxCube.Version=6.13.0
MxDb.Version=DB.6.0.130
NUCLEO-WL33CC1.BUTTON=2
NUCLEO-WL33CC1.BUTTON2=2
NUCLEO-WL33CC1.BUTTON3=2
NUCLEO-WL33CC1.IPParameters=LD1,LD2,LD3,BUTTON,BUTTON2,BUTTON3,VCP
NUCLEO-WL33CC1.LD1=true
NUCLEO-WL33CC1.LD2=true
NUCLEO-WL33CC1.LD3=true
NUCLEO-WL33CC1.VCP=false
NVIC.ForceEnableDMAVector=true
NVIC.HardFault_IRQn=true\:0\:0\:false\:false\:true\:false\:false\:false
NVIC.NonMaskableInt_IRQn=true\:0\:0\:false\:false\:true\:false\:false\:false
NVIC.PendSV_IRQn=true\:0\:0\:false\:false\:true\:false\:false\:false
NVIC.SVCall_IRQn=true\:0\:0\:false\:false\:true\:false\:false\:false
NVIC.SysTick_IRQn=true\:3\:0\:false\:false\:true\:false\:true\:false
OSCIN.Mode=HSE-External-Oscillator
OSCIN.Signal=RCC_OSC_IN
OSCOUT.Mode=HSE-External-Oscillator
OSCOUT.Signal=RCC_OSC_OUT
PA1.Locked=true
PA1.Mode=Asynchronous
PA1.Signal=USART1_TX
PA14.Locked=true
PA15.Locked=true
PA15.Mode=Asynchronous
PA15.Signal=USART1_RX
PA5.Mode=Asynchronous
PA5.Signal=LPUART1_RX
PB12.Mode=LSE-External-Oscillator
PB12.Signal=RCC_OSC32_OUT
PB13.Mode=LSE-External-Oscillator
PB13.Signal=RCC_OSC32_IN
PB3.Mode=Asynchronous
PB3.Signal=LPUART1_TX
PB4.Locked=true
PB5.Locked=true
PinOutPanel.RotationAngle=0
ProjectManager.AskForMigrate=true
ProjectManager.BackupPrevious=false
ProjectManager.CompilerOptimize=6
ProjectManager.ComputerToolchain=false
ProjectManager.CoupleFile=false
ProjectManager.CustomerFirmwarePackage=
ProjectManager.DefaultFWLocation=true
ProjectManager.DeletePrevious=true
ProjectManager.DeviceId=STM32WL33CCVx
ProjectManager.Example=MRSUBG_802_15_4_Tx
ProjectManager.ExampleSource=MxCubeFw
ProjectManager.FirmwarePackage=STM32Cube FW_WL3 V1.0.0
ProjectManager.FreePins=false
ProjectManager.HalAssertFull=false
ProjectManager.HeapSize=0x000
ProjectManager.KeepUserCode=true
ProjectManager.LastFirmware=true
ProjectManager.LibraryCopy=1
ProjectManager.MainLocation=Core/Src
ProjectManager.NoMain=false
ProjectManager.PreviousToolchain=STM32CubeIDE
ProjectManager.ProjectBuild=false
ProjectManager.ProjectFileName=embenet_demo.ioc
ProjectManager.ProjectName=embenet_demo
ProjectManager.ProjectStructure=
ProjectManager.RegisterCallBack=
ProjectManager.StackSize=0xC00
ProjectManager.TargetToolchain=STM32CubeIDE
ProjectManager.ToolChainLocation=
ProjectManager.UAScriptAfterPath=
ProjectManager.UAScriptBeforePath=
ProjectManager.UnderRoot=true
ProjectManager.functionlistsort=1-SystemClock_Config-RCC-false-HAL-false,2-MX_GPIO_Init-GPIO-false-HAL-true,3-MX_MRSUBG_Init-MRSUBG-false-HAL-true,4-MX_USART1_UART_Init-USART1-false-LL-true,5-MX_AES_Init-AES-false-HAL-true,6-MX_RNG_Init-RNG-false-HAL-true,7-MX_TIM2_Init-TIM2-false-LL-true,8-MX_LPUART1_UART_Init-LPUART1-false-HAL-true,0-MX_CORTEX_M0+_Init-CORTEX_M0+-false-HAL-true,0-MX_PWR_Init-PWR-false-HAL-true,false-0--NUCLEO-WL33CC1-true-HAL-true
RCC.CLKSPI3I2SFreq_VALUE=64000000
RCC.CLKSYSFreq_VALUE=64000000
RCC.ClkSMPSDIVSource=RCC_SMPSCLK_DIV4
RCC.ClkSMPSFreq_VALUE=4000000
RCC.FamilyName=M
RCC.HSE_VALUE=48000000
RCC.HSI_VALUE=64000000
RCC.IPParameters=CLKSPI3I2SFreq_VALUE,CLKSYSFreq_VALUE,ClkSMPSDIVSource,ClkSMPSFreq_VALUE,FamilyName,HSE_VALUE,HSI_VALUE,LPUARTFreq_VALUE,LSCOPinFreq_Value,LSI_VALUE,MCO1PinFreq_Value,RC64MPLLSource,RTCClockSelection,RTCFreq_Value,SysCLKFreq_VALUE
RCC.LPUARTFreq_VALUE=16000000
RCC.LSCOPinFreq_Value=32000
RCC.LSI_VALUE=32000
RCC.MCO1PinFreq_Value=64000000
RCC.RC64MPLLSource=RCC_LSCOSOURCE_PLL64
RCC.RTCClockSelection=RCC_RTC_WDG_SUBG_LPAWUR_LCD_LCSC_CLKSOURCE_LSE
RCC.RTCFreq_Value=32768
RCC.SysCLKFreq_VALUE=64000000
USART1.IPParameters=VirtualMode-Asynchronous
USART1.VirtualMode-Asynchronous=VM_ASYNC
VP_AES_VS_AES.Mode=AES_Activate
VP_AES_VS_AES.Signal=AES_VS_AES
VP_MRSUBG_VS_RF.Mode=MRSUBG_Activate
VP_MRSUBG_VS_RF.Signal=MRSUBG_VS_RF
VP_NUCLEO-WL33CC1_VS_BSP_COMMON.Mode=COMMON
VP_NUCLEO-WL33CC1_VS_BSP_COMMON.Signal=NUCLEO-WL33CC1_VS_BSP_COMMON
VP_PWR_VS_SECSignals.Mode=Security/Privilege
VP_PWR_VS_SECSignals.Signal=PWR_VS_SECSignals
VP_RNG_VS_RNG.Mode=RNG_Activate
VP_RNG_VS_RNG.Signal=RNG_VS_RNG
VP_SYS_VS_Systick.Mode=SysTick
VP_SYS_VS_Systick.Signal=SYS_VS_Systick
VP_TIM2_VS_ClockSourceINT.Mode=Internal
VP_TIM2_VS_ClockSourceINT.Signal=TIM2_VS_ClockSourceINT
board=NUCLEO-WL33CC1
boardIOC=true
isbadioc=false
